
Microsoft Visual Studio Solution File, Format Version 12.00
# Visual Studio 15
VisualStudioVersion = 15.0.26730.3
MinimumVisualStudioVersion = 10.0.40219.1
Project("{9A19103F-16F7-4668-BE54-9A1E7A4F7556}") = "PdfTextReader", "PdfTextReader\PdfTextReader.csproj", "{80A50EFE-A30C-4572-823A-B60663AFA6B5}"
EndProject
Project("{9A19103F-16F7-4668-BE54-9A1E7A4F7556}") = "PdfTextReader.Tests", "..\test\PdfTextReader.Test\PdfTextReader.Tests.csproj", "{D171E691-DC64-427C-9A9D-E0C76EA93271}"
EndProject
Project("{9A19103F-16F7-4668-BE54-9A1E7A4F7556}") = "Validator", "Validator\Validator.csproj", "{0483385A-7E68-4680-8E7C-C465EB65E426}"
EndProject
Project("{9A19103F-16F7-4668-BE54-9A1E7A4F7556}") = "ParserRun", "ParserRun\ParserRun.csproj", "{AA4980AB-0283-4273-ADB4-6215E177DCCB}"
EndProject
Project("{9A19103F-16F7-4668-BE54-9A1E7A4F7556}") = "ParserConsole", "ParserConsole\ParserConsole.csproj", "{37727879-CDBC-4888-A193-86BC32B636D0}"
EndProject
Project("{9A19103F-16F7-4668-BE54-9A1E7A4F7556}") = "ParserFunctions", "ParserFunctions\ParserFunctions.csproj", "{99E8274A-E914-482C-87B7-9374F25A2B1F}"
EndProject
Project("{9A19103F-16F7-4668-BE54-9A1E7A4F7556}") = "PdfTextReader.Azure", "PdfTextReader.Azure\PdfTextReader.Azure.csproj", "{AB782AB1-C794-4789-9E96-BEB00E8E0154}"
EndProject
Project("{9A19103F-16F7-4668-BE54-9A1E7A4F7556}") = "ParserFrontend", "ParserFrontend\ParserFrontend.csproj", "{E832F543-3BB9-47B0-8D8C-049A5B345671}"
EndProject
Project("{FAE04EC0-301F-11D3-BF4B-00C04F79EFBC}") = "QueueConsole", "QueueConsole\QueueConsole.csproj", "{A7678DC4-9482-4D37-B1DA-E799712FA27D}"
EndProject
Global
	GlobalSection(SolutionConfigurationPlatforms) = preSolution
		Debug|Any CPU = Debug|Any CPU
		Release|Any CPU = Release|Any CPU
	EndGlobalSection
	GlobalSection(ProjectConfigurationPlatforms) = postSolution
		{80A50EFE-A30C-4572-823A-B60663AFA6B5}.Debug|Any CPU.ActiveCfg = Debug|Any CPU
		{80A50EFE-A30C-4572-823A-B60663AFA6B5}.Debug|Any CPU.Build.0 = Debug|Any CPU
		{80A50EFE-A30C-4572-823A-B60663AFA6B5}.Release|Any CPU.ActiveCfg = Release|Any CPU
		{80A50EFE-A30C-4572-823A-B60663AFA6B5}.Release|Any CPU.Build.0 = Release|Any CPU
		{D171E691-DC64-427C-9A9D-E0C76EA93271}.Debug|Any CPU.ActiveCfg = Debug|Any CPU
		{D171E691-DC64-427C-9A9D-E0C76EA93271}.Debug|Any CPU.Build.0 = Debug|Any CPU
		{D171E691-DC64-427C-9A9D-E0C76EA93271}.Release|Any CPU.ActiveCfg = Release|Any CPU
		{D171E691-DC64-427C-9A9D-E0C76EA93271}.Release|Any CPU.Build.0 = Release|Any CPU
		{0483385A-7E68-4680-8E7C-C465EB65E426}.Debug|Any CPU.ActiveCfg = Debug|Any CPU
		{0483385A-7E68-4680-8E7C-C465EB65E426}.Debug|Any CPU.Build.0 = Debug|Any CPU
		{0483385A-7E68-4680-8E7C-C465EB65E426}.Release|Any CPU.ActiveCfg = Release|Any CPU
		{0483385A-7E68-4680-8E7C-C465EB65E426}.Release|Any CPU.Build.0 = Release|Any CPU
		{AA4980AB-0283-4273-ADB4-6215E177DCCB}.Debug|Any CPU.ActiveCfg = Debug|Any CPU
		{AA4980AB-0283-4273-ADB4-6215E177DCCB}.Debug|Any CPU.Build.0 = Debug|Any CPU
		{AA4980AB-0283-4273-ADB4-6215E177DCCB}.Release|Any CPU.ActiveCfg = Release|Any CPU
		{AA4980AB-0283-4273-ADB4-6215E177DCCB}.Release|Any CPU.Build.0 = Release|Any CPU
		{37727879-CDBC-4888-A193-86BC32B636D0}.Debug|Any CPU.ActiveCfg = Debug|Any CPU
		{37727879-CDBC-4888-A193-86BC32B636D0}.Debug|Any CPU.Build.0 = Debug|Any CPU
		{37727879-CDBC-4888-A193-86BC32B636D0}.Release|Any CPU.ActiveCfg = Release|Any CPU
		{37727879-CDBC-4888-A193-86BC32B636D0}.Release|Any CPU.Build.0 = Release|Any CPU
		{99E8274A-E914-482C-87B7-9374F25A2B1F}.Debug|Any CPU.ActiveCfg = Debug|Any CPU
		{99E8274A-E914-482C-87B7-9374F25A2B1F}.Debug|Any CPU.Build.0 = Debug|Any CPU
		{99E8274A-E914-482C-87B7-9374F25A2B1F}.Release|Any CPU.ActiveCfg = Release|Any CPU
		{99E8274A-E914-482C-87B7-9374F25A2B1F}.Release|Any CPU.Build.0 = Release|Any CPU
		{AB782AB1-C794-4789-9E96-BEB00E8E0154}.Debug|Any CPU.ActiveCfg = Debug|Any CPU
		{AB782AB1-C794-4789-9E96-BEB00E8E0154}.Debug|Any CPU.Build.0 = Debug|Any CPU
		{AB782AB1-C794-4789-9E96-BEB00E8E0154}.Release|Any CPU.ActiveCfg = Release|Any CPU
		{AB782AB1-C794-4789-9E96-BEB00E8E0154}.Release|Any CPU.Build.0 = Release|Any CPU
		{E832F543-3BB9-47B0-8D8C-049A5B345671}.Debug|Any CPU.ActiveCfg = Debug|Any CPU
		{E832F543-3BB9-47B0-8D8C-049A5B345671}.Debug|Any CPU.Build.0 = Debug|Any CPU
		{E832F543-3BB9-47B0-8D8C-049A5B345671}.Release|Any CPU.ActiveCfg = Release|Any CPU
		{E832F543-3BB9-47B0-8D8C-049A5B345671}.Release|Any CPU.Build.0 = Release|Any CPU
		{A7678DC4-9482-4D37-B1DA-E799712FA27D}.Debug|Any CPU.ActiveCfg = Debug|Any CPU
		{A7678DC4-9482-4D37-B1DA-E799712FA27D}.Debug|Any CPU.Build.0 = Debug|Any CPU
		{A7678DC4-9482-4D37-B1DA-E799712FA27D}.Release|Any CPU.ActiveCfg = Release|Any CPU
		{A7678DC4-9482-4D37-B1DA-E799712FA27D}.Release|Any CPU.Build.0 = Release|Any CPU
	EndGlobalSection
	GlobalSection(SolutionProperties) = preSolution
		HideSolutionNode = FALSE
	EndGlobalSection
	GlobalSection(ExtensibilityGlobals) = postSolution
		SolutionGuid = {34F4EFF1-C239-45BD-8A9E-E2C8ED231936}
	EndGlobalSection
EndGlobal
