
Microsoft Visual Studio Solution File, Format Version 12.00
# Visual Studio 15
VisualStudioVersion = 15.0.27004.2008
MinimumVisualStudioVersion = 10.0.40219.1
Project("{9A19103F-16F7-4668-BE54-9A1E7A4F7556}") = "PdfTextReader", "PdfTextReader\PdfTextReader.csproj", "{80A50EFE-A30C-4572-823A-B60663AFA6B5}"
EndProject
Project("{9A19103F-16F7-4668-BE54-9A1E7A4F7556}") = "PdfTextReader.Tests", "..\test\PdfTextReader.Test\PdfTextReader.Tests.csproj", "{D171E691-DC64-427C-9A9D-E0C76EA93271}"
EndProject
Project("{9A19103F-16F7-4668-BE54-9A1E7A4F7556}") = "Validator", "Validator\Validator.csproj", "{0483385A-7E68-4680-8E7C-C465EB65E426}"
EndProject
Project("{9A19103F-16F7-4668-BE54-9A1E7A4F7556}") = "ParserRun", "ParserRun\ParserRun.csproj", "{AA4980AB-0283-4273-ADB4-6215E177DCCB}"
EndProject
Global
	GlobalSection(SolutionConfigurationPlatforms) = preSolution
		Debug|Any CPU = Debug|Any CPU
		Release|Any CPU = Release|Any CPU
	EndGlobalSection
	GlobalSection(ProjectConfigurationPlatforms) = postSolution
		{80A50EFE-A30C-4572-823A-B60663AFA6B5}.Debug|Any CPU.ActiveCfg = Debug|Any CPU
		{80A50EFE-A30C-4572-823A-B60663AFA6B5}.Debug|Any CPU.Build.0 = Debug|Any CPU
		{80A50EFE-A30C-4572-823A-B60663AFA6B5}.Release|Any CPU.ActiveCfg = Release|Any CPU
		{80A50EFE-A30C-4572-823A-B60663AFA6B5}.Release|Any CPU.Build.0 = Release|Any CPU
		{D171E691-DC64-427C-9A9D-E0C76EA93271}.Debug|Any CPU.ActiveCfg = Debug|Any CPU
		{D171E691-DC64-427C-9A9D-E0C76EA93271}.Debug|Any CPU.Build.0 = Debug|Any CPU
		{D171E691-DC64-427C-9A9D-E0C76EA93271}.Release|Any CPU.ActiveCfg = Release|Any CPU
		{D171E691-DC64-427C-9A9D-E0C76EA93271}.Release|Any CPU.Build.0 = Release|Any CPU
		{0483385A-7E68-4680-8E7C-C465EB65E426}.Debug|Any CPU.ActiveCfg = Debug|Any CPU
		{0483385A-7E68-4680-8E7C-C465EB65E426}.Debug|Any CPU.Build.0 = Debug|Any CPU
		{0483385A-7E68-4680-8E7C-C465EB65E426}.Release|Any CPU.ActiveCfg = Release|Any CPU
		{0483385A-7E68-4680-8E7C-C465EB65E426}.Release|Any CPU.Build.0 = Release|Any CPU
		{AA4980AB-0283-4273-ADB4-6215E177DCCB}.Debug|Any CPU.ActiveCfg = Debug|Any CPU
		{AA4980AB-0283-4273-ADB4-6215E177DCCB}.Debug|Any CPU.Build.0 = Debug|Any CPU
		{AA4980AB-0283-4273-ADB4-6215E177DCCB}.Release|Any CPU.ActiveCfg = Release|Any CPU
		{AA4980AB-0283-4273-ADB4-6215E177DCCB}.Release|Any CPU.Build.0 = Release|Any CPU
	EndGlobalSection
	GlobalSection(SolutionProperties) = preSolution
		HideSolutionNode = FALSE
	EndGlobalSection
	GlobalSection(ExtensibilityGlobals) = postSolution
		SolutionGuid = {34F4EFF1-C239-45BD-8A9E-E2C8ED231936}
	EndGlobalSection
EndGlobal
